
Microsoft Visual Studio Solution File, Format Version 12.00
# Visual Studio 14
VisualStudioVersion = 14.0.25420.1
MinimumVisualStudioVersion = 10.0.40219.1
Project("{FAE04EC0-301F-11D3-BF4B-00C04F79EFBC}") = "Sniffer", "Sniffer\Sniffer.csproj", "{A375CC45-7266-4151-88A6-F80E617099E5}"
EndProject
Global
	GlobalSection(SolutionConfigurationPlatforms) = preSolution
		Debug|Any CPU = Debug|Any CPU
		Release|Any CPU = Release|Any CPU
	EndGlobalSection
	GlobalSection(ProjectConfigurationPlatforms) = postSolution
		{A375CC45-7266-4151-88A6-F80E617099E5}.Debug|Any CPU.ActiveCfg = Debug|Any CPU
		{A375CC45-7266-4151-88A6-F80E617099E5}.Debug|Any CPU.Build.0 = Debug|Any CPU
		{A375CC45-7266-4151-88A6-F80E617099E5}.Release|Any CPU.ActiveCfg = Release|Any CPU
		{A375CC45-7266-4151-88A6-F80E617099E5}.Release|Any CPU.Build.0 = Release|Any CPU
	EndGlobalSection
	GlobalSection(SolutionProperties) = preSolution
		HideSolutionNode = FALSE
	EndGlobalSection
EndGlobal
